
Microsoft Visual Studio Solution File, Format Version 12.00
# Visual Studio Version 17
VisualStudioVersion = 17.4.33122.133
MinimumVisualStudioVersion = 10.0.40219.1
Project("{FAE04EC0-301F-11D3-BF4B-00C04F79EFBC}") = "AppData", "AppData\AppData.csproj", "{1E7460CA-0D26-4B10-8734-A2A942C81220}"
EndProject
Project("{FAE04EC0-301F-11D3-BF4B-00C04F79EFBC}") = "AppAPI", "AppAPI\AppAPI.csproj", "{6AF70FD3-50CE-42BA-81AA-6A1C7D1CBC87}"
EndProject
Project("{FAE04EC0-301F-11D3-BF4B-00C04F79EFBC}") = "AppView", "AppView\AppView.csproj", "{6DF599B2-1497-41C3-9EDC-DBD083C2105E}"
EndProject
Global
	GlobalSection(SolutionConfigurationPlatforms) = preSolution
		Debug|Any CPU = Debug|Any CPU
		Release|Any CPU = Release|Any CPU
	EndGlobalSection
	GlobalSection(ProjectConfigurationPlatforms) = postSolution
		{1E7460CA-0D26-4B10-8734-A2A942C81220}.Debug|Any CPU.ActiveCfg = Debug|Any CPU
		{1E7460CA-0D26-4B10-8734-A2A942C81220}.Debug|Any CPU.Build.0 = Debug|Any CPU
		{1E7460CA-0D26-4B10-8734-A2A942C81220}.Release|Any CPU.ActiveCfg = Release|Any CPU
		{1E7460CA-0D26-4B10-8734-A2A942C81220}.Release|Any CPU.Build.0 = Release|Any CPU
		{6AF70FD3-50CE-42BA-81AA-6A1C7D1CBC87}.Debug|Any CPU.ActiveCfg = Debug|Any CPU
		{6AF70FD3-50CE-42BA-81AA-6A1C7D1CBC87}.Debug|Any CPU.Build.0 = Debug|Any CPU
		{6AF70FD3-50CE-42BA-81AA-6A1C7D1CBC87}.Release|Any CPU.ActiveCfg = Release|Any CPU
		{6AF70FD3-50CE-42BA-81AA-6A1C7D1CBC87}.Release|Any CPU.Build.0 = Release|Any CPU
		{6DF599B2-1497-41C3-9EDC-DBD083C2105E}.Debug|Any CPU.ActiveCfg = Debug|Any CPU
		{6DF599B2-1497-41C3-9EDC-DBD083C2105E}.Debug|Any CPU.Build.0 = Debug|Any CPU
		{6DF599B2-1497-41C3-9EDC-DBD083C2105E}.Release|Any CPU.ActiveCfg = Release|Any CPU
		{6DF599B2-1497-41C3-9EDC-DBD083C2105E}.Release|Any CPU.Build.0 = Release|Any CPU
	EndGlobalSection
	GlobalSection(SolutionProperties) = preSolution
		HideSolutionNode = FALSE
	EndGlobalSection
	GlobalSection(ExtensibilityGlobals) = postSolution
		SolutionGuid = {5D1096FA-03C6-424D-BFE3-B26CEB31BA38}
	EndGlobalSection
EndGlobal
